
Microsoft Visual Studio Solution File, Format Version 12.00
# Visual Studio Version 17
VisualStudioVersion = 17.9.34616.47
MinimumVisualStudioVersion = 10.0.40219.1
Project("{FAE04EC0-301F-11D3-BF4B-00C04F79EFBC}") = "template", "template\template.csproj", "{7CA24EF5-B505-4D5B-9659-866B775B604E}"
EndProject
Global
	GlobalSection(SolutionConfigurationPlatforms) = preSolution
		Debug|Any CPU = Debug|Any CPU
		Release|Any CPU = Release|Any CPU
	EndGlobalSection
	GlobalSection(ProjectConfigurationPlatforms) = postSolution
		{7CA24EF5-B505-4D5B-9659-866B775B604E}.Debug|Any CPU.ActiveCfg = Debug|Any CPU
		{7CA24EF5-B505-4D5B-9659-866B775B604E}.Debug|Any CPU.Build.0 = Debug|Any CPU
		{7CA24EF5-B505-4D5B-9659-866B775B604E}.Release|Any CPU.ActiveCfg = Release|Any CPU
		{7CA24EF5-B505-4D5B-9659-866B775B604E}.Release|Any CPU.Build.0 = Release|Any CPU
	EndGlobalSection
	GlobalSection(SolutionProperties) = preSolution
		HideSolutionNode = FALSE
	EndGlobalSection
	GlobalSection(ExtensibilityGlobals) = postSolution
		SolutionGuid = {57313386-2B7B-4194-A1E9-9C2F4A0D3E2A}
	EndGlobalSection
EndGlobal
